
Microsoft Visual Studio Solution File, Format Version 12.00
# Visual Studio Version 17
VisualStudioVersion = 17.6.33829.357
MinimumVisualStudioVersion = 10.0.40219.1
Project("{9A19103F-16F7-4668-BE54-9A1E7A4F7556}") = "SurveyWebApp", "SurveyWebApp\SurveyWebApp.csproj", "{214CE8D4-6D17-4292-A19D-DCB9ED8C163B}"
EndProject
Global
	GlobalSection(SolutionConfigurationPlatforms) = preSolution
		Debug|Any CPU = Debug|Any CPU
		Release|Any CPU = Release|Any CPU
	EndGlobalSection
	GlobalSection(ProjectConfigurationPlatforms) = postSolution
		{214CE8D4-6D17-4292-A19D-DCB9ED8C163B}.Debug|Any CPU.ActiveCfg = Debug|Any CPU
		{214CE8D4-6D17-4292-A19D-DCB9ED8C163B}.Debug|Any CPU.Build.0 = Debug|Any CPU
		{214CE8D4-6D17-4292-A19D-DCB9ED8C163B}.Release|Any CPU.ActiveCfg = Release|Any CPU
		{214CE8D4-6D17-4292-A19D-DCB9ED8C163B}.Release|Any CPU.Build.0 = Release|Any CPU
	EndGlobalSection
	GlobalSection(SolutionProperties) = preSolution
		HideSolutionNode = FALSE
	EndGlobalSection
	GlobalSection(ExtensibilityGlobals) = postSolution
		SolutionGuid = {1C70A24E-7AAB-4F7D-9D7F-EFE4ED8AA174}
	EndGlobalSection
EndGlobal
